
Microsoft Visual Studio Solution File, Format Version 12.00
# Visual Studio Version 17
VisualStudioVersion = 17.11.35327.3
MinimumVisualStudioVersion = 10.0.40219.1
Project("{FAE04EC0-301F-11D3-BF4B-00C04F79EFBC}") = "Dorobantu_Andreea_Lab2", "Dorobantu_Andreea_Lab2.csproj", "{DB181E13-C259-40D7-B0F2-2D6343F57662}"
EndProject
Global
	GlobalSection(SolutionConfigurationPlatforms) = preSolution
		Debug|Any CPU = Debug|Any CPU
		Release|Any CPU = Release|Any CPU
	EndGlobalSection
	GlobalSection(ProjectConfigurationPlatforms) = postSolution
		{DB181E13-C259-40D7-B0F2-2D6343F57662}.Debug|Any CPU.ActiveCfg = Debug|Any CPU
		{DB181E13-C259-40D7-B0F2-2D6343F57662}.Debug|Any CPU.Build.0 = Debug|Any CPU
		{DB181E13-C259-40D7-B0F2-2D6343F57662}.Release|Any CPU.ActiveCfg = Release|Any CPU
		{DB181E13-C259-40D7-B0F2-2D6343F57662}.Release|Any CPU.Build.0 = Release|Any CPU
	EndGlobalSection
	GlobalSection(SolutionProperties) = preSolution
		HideSolutionNode = FALSE
	EndGlobalSection
	GlobalSection(ExtensibilityGlobals) = postSolution
		SolutionGuid = {9B6A40AA-EB8B-446B-959F-6EEAD1179FCB}
	EndGlobalSection
EndGlobal
